<?xml version="1.0" encoding="utf-8"?>
<Project ToolsVersion="4.0" xmlns="http://schemas.microsoft.com/developer/msbuild/2003">
  <ItemGroup>
    <Filter Include="Source Files">
      <UniqueIdentifier>{4FC737F1-C7A5-4376-A066-2A32D752A2FF}</UniqueIdentifier>
      <Extensions>cpp;c;cc;cxx;def;odl;idl;hpj;bat;asm;asmx</Extensions>
    </Filter>
    <Filter Include="Header Files">
      <UniqueIdentifier>{93995380-89BD-4b04-88EB-625FBE52EBFB}</UniqueIdentifier>
      <Extensions>h;hh;hpp;hxx;hm;inl;inc;ipp;xsd</Extensions>
    </Filter>
    <Filter Include="Resource Files">
      <UniqueIdentifier>{67DA6AB6-F800-4c08-8B7A-83BB121AAD01}</UniqueIdentifier>
      <Extensions>rc;ico;cur;bmp;dlg;rc2;rct;bin;rgs;gif;jpg;jpeg;jpe;resx;tiff;tif;png;wav;mfcribbon-ms</Extensions>
    </Filter>
    <Filter Include="Automatically generated">
      <UniqueIdentifier>{8b6d5869-e3c1-4a46-aabd-bd8c6ba54710}</UniqueIdentifier>
    </Filter>
    <Filter Include="Common">
      <UniqueIdentifier>{f50957c9-cef4-4169-95c8-e9841f8cd04e}</UniqueIdentifier>
    </Filter>
  </ItemGroup>
  <ItemGroup>
    <ClCompile Include="..\AsyncNotifications\AsyncNotificationsInterface_c.c">
      <Filter>Automatically generated</Filter>
    </ClCompile>
    <ClCompile Include="AsyncNotificationsCl.cpp">
      <Filter>Source Files</Filter>
    </ClCompile>
    <ClCompile Include="RpcImplementation.cpp">
      <Filter>Source Files</Filter>
    </ClCompile>
    <ClCompile Include="ClUtils.cpp">
      <Filter>Source Files</Filter>
    </ClCompile>
  </ItemGroup>
  <ItemGroup>
    <ClInclude Include="..\AsyncNotifications\AsyncNotificationsInterface_h.h">
      <Filter>Automatically generated</Filter>
    </ClInclude>
    <ClInclude Include="..\Common\Utils.h">
      <Filter>Common</Filter>
    </ClInclude>
    <ClInclude Include="ClIncludes.h">
      <Filter>Header Files</Filter>
    </ClInclude>
    <ClInclude Include="ClUtils.h">
      <Filter>Header Files</Filter>
    </ClInclude>
    <ClInclude Include="..\Common\Trace.h">
      <Filter>Common</Filter>
    </ClInclude>
  </ItemGroup>
</Project>